
Microsoft Visual Studio Solution File, Format Version 12.00
# Visual Studio Version 16
VisualStudioVersion = 16.0.29025.244
MinimumVisualStudioVersion = 10.0.40219.1
Project("{9A19103F-16F7-4668-BE54-9A1E7A4F7556}") = "Rental.API.Users", "Rental.API.Users\Rental.API.Users.csproj", "{07420C74-F6D4-4EDD-BBDB-7ABFFF5A3A6B}"
EndProject
Project("{9A19103F-16F7-4668-BE54-9A1E7A4F7556}") = "Rental.API.Vehicles", "Rental.API.Vehicles\Rental.API.Vehicles.csproj", "{6CEE951B-35D1-4029-B42C-BE202FB0CEFB}"
EndProject
Project("{9A19103F-16F7-4668-BE54-9A1E7A4F7556}") = "Rental.API.Reservations", "Rental.API.Reservations\Rental.API.Reservations.csproj", "{C495E9C9-3E7F-4480-BA02-30D7EBC5A5DB}"
EndProject
Project("{9A19103F-16F7-4668-BE54-9A1E7A4F7556}") = "Rental.API.Vehicles.Tests", "Rental.API.Vehicles.Tests\Rental.API.Vehicles.Tests.csproj", "{12A6B96F-0A32-455A-A56C-9EAC384D3492}"
EndProject
Project("{9A19103F-16F7-4668-BE54-9A1E7A4F7556}") = "Rental.API.Users.Tests", "Rental.API.Users.Tests\Rental.API.Users.Tests.csproj", "{5B7BFE66-574A-48A1-B30D-F6BF8E5C1DA7}"
EndProject
Project("{9A19103F-16F7-4668-BE54-9A1E7A4F7556}") = "Rental.API.Reservations.Tests", "Rental.API.Reservations.Tests\Rental.API.Reservations.Tests.csproj", "{33F90E74-C725-4AD6-8F18-5E4CCAFFA271}"
EndProject
Project("{9A19103F-16F7-4668-BE54-9A1E7A4F7556}") = "Rental.API.Orchestrator", "Rental.API.Search\Rental.API.Orchestrator.csproj", "{03A2F457-F58E-43C2-9D3E-111D7C7DCBDE}"
EndProject
Project("{FAE04EC0-301F-11D3-BF4B-00C04F79EFBC}") = "Rental.API.Orchestrator.Tests", "Rental.API.Orchestrator.Tests\Rental.API.Orchestrator.Tests.csproj", "{8F9E9175-5AF1-4935-BF33-F171070E556F}"
EndProject
Project("{FAE04EC0-301F-11D3-BF4B-00C04F79EFBC}") = "Rental.API.Gateway", "Rental.API.Gateway\Rental.API.Gateway.csproj", "{F237AD7C-92F3-4998-A8CE-899CBFD02FE1}"
EndProject
Global
	GlobalSection(SolutionConfigurationPlatforms) = preSolution
		Debug|Any CPU = Debug|Any CPU
		Release|Any CPU = Release|Any CPU
	EndGlobalSection
	GlobalSection(ProjectConfigurationPlatforms) = postSolution
		{07420C74-F6D4-4EDD-BBDB-7ABFFF5A3A6B}.Debug|Any CPU.ActiveCfg = Debug|Any CPU
		{07420C74-F6D4-4EDD-BBDB-7ABFFF5A3A6B}.Debug|Any CPU.Build.0 = Debug|Any CPU
		{07420C74-F6D4-4EDD-BBDB-7ABFFF5A3A6B}.Release|Any CPU.ActiveCfg = Release|Any CPU
		{07420C74-F6D4-4EDD-BBDB-7ABFFF5A3A6B}.Release|Any CPU.Build.0 = Release|Any CPU
		{6CEE951B-35D1-4029-B42C-BE202FB0CEFB}.Debug|Any CPU.ActiveCfg = Debug|Any CPU
		{6CEE951B-35D1-4029-B42C-BE202FB0CEFB}.Debug|Any CPU.Build.0 = Debug|Any CPU
		{6CEE951B-35D1-4029-B42C-BE202FB0CEFB}.Release|Any CPU.ActiveCfg = Release|Any CPU
		{6CEE951B-35D1-4029-B42C-BE202FB0CEFB}.Release|Any CPU.Build.0 = Release|Any CPU
		{C495E9C9-3E7F-4480-BA02-30D7EBC5A5DB}.Debug|Any CPU.ActiveCfg = Debug|Any CPU
		{C495E9C9-3E7F-4480-BA02-30D7EBC5A5DB}.Debug|Any CPU.Build.0 = Debug|Any CPU
		{C495E9C9-3E7F-4480-BA02-30D7EBC5A5DB}.Release|Any CPU.ActiveCfg = Release|Any CPU
		{C495E9C9-3E7F-4480-BA02-30D7EBC5A5DB}.Release|Any CPU.Build.0 = Release|Any CPU
		{12A6B96F-0A32-455A-A56C-9EAC384D3492}.Debug|Any CPU.ActiveCfg = Debug|Any CPU
		{12A6B96F-0A32-455A-A56C-9EAC384D3492}.Debug|Any CPU.Build.0 = Debug|Any CPU
		{12A6B96F-0A32-455A-A56C-9EAC384D3492}.Release|Any CPU.ActiveCfg = Release|Any CPU
		{12A6B96F-0A32-455A-A56C-9EAC384D3492}.Release|Any CPU.Build.0 = Release|Any CPU
		{5B7BFE66-574A-48A1-B30D-F6BF8E5C1DA7}.Debug|Any CPU.ActiveCfg = Debug|Any CPU
		{5B7BFE66-574A-48A1-B30D-F6BF8E5C1DA7}.Debug|Any CPU.Build.0 = Debug|Any CPU
		{5B7BFE66-574A-48A1-B30D-F6BF8E5C1DA7}.Release|Any CPU.ActiveCfg = Release|Any CPU
		{5B7BFE66-574A-48A1-B30D-F6BF8E5C1DA7}.Release|Any CPU.Build.0 = Release|Any CPU
		{33F90E74-C725-4AD6-8F18-5E4CCAFFA271}.Debug|Any CPU.ActiveCfg = Debug|Any CPU
		{33F90E74-C725-4AD6-8F18-5E4CCAFFA271}.Debug|Any CPU.Build.0 = Debug|Any CPU
		{33F90E74-C725-4AD6-8F18-5E4CCAFFA271}.Release|Any CPU.ActiveCfg = Release|Any CPU
		{33F90E74-C725-4AD6-8F18-5E4CCAFFA271}.Release|Any CPU.Build.0 = Release|Any CPU
		{03A2F457-F58E-43C2-9D3E-111D7C7DCBDE}.Debug|Any CPU.ActiveCfg = Debug|Any CPU
		{03A2F457-F58E-43C2-9D3E-111D7C7DCBDE}.Debug|Any CPU.Build.0 = Debug|Any CPU
		{03A2F457-F58E-43C2-9D3E-111D7C7DCBDE}.Release|Any CPU.ActiveCfg = Release|Any CPU
		{03A2F457-F58E-43C2-9D3E-111D7C7DCBDE}.Release|Any CPU.Build.0 = Release|Any CPU
		{8F9E9175-5AF1-4935-BF33-F171070E556F}.Debug|Any CPU.ActiveCfg = Debug|Any CPU
		{8F9E9175-5AF1-4935-BF33-F171070E556F}.Debug|Any CPU.Build.0 = Debug|Any CPU
		{8F9E9175-5AF1-4935-BF33-F171070E556F}.Release|Any CPU.ActiveCfg = Release|Any CPU
		{8F9E9175-5AF1-4935-BF33-F171070E556F}.Release|Any CPU.Build.0 = Release|Any CPU
		{F237AD7C-92F3-4998-A8CE-899CBFD02FE1}.Debug|Any CPU.ActiveCfg = Debug|Any CPU
		{F237AD7C-92F3-4998-A8CE-899CBFD02FE1}.Debug|Any CPU.Build.0 = Debug|Any CPU
		{F237AD7C-92F3-4998-A8CE-899CBFD02FE1}.Release|Any CPU.ActiveCfg = Release|Any CPU
		{F237AD7C-92F3-4998-A8CE-899CBFD02FE1}.Release|Any CPU.Build.0 = Release|Any CPU
	EndGlobalSection
	GlobalSection(SolutionProperties) = preSolution
		HideSolutionNode = FALSE
	EndGlobalSection
	GlobalSection(ExtensibilityGlobals) = postSolution
		SolutionGuid = {0E53D113-3C82-47BD-BF0A-ADB2769074B5}
	EndGlobalSection
EndGlobal
