
Microsoft Visual Studio Solution File, Format Version 12.00
# Visual Studio Version 16
VisualStudioVersion = 16.0.29025.244
MinimumVisualStudioVersion = 10.0.40219.1
Project("{FAE04EC0-301F-11D3-BF4B-00C04F79EFBC}") = "Rental.API.Users", "Rental.API.Users\Rental.API.Users.csproj", "{07420C74-F6D4-4EDD-BBDB-7ABFFF5A3A6B}"
EndProject
Project("{FAE04EC0-301F-11D3-BF4B-00C04F79EFBC}") = "Rental.API.Vehicles", "Rental.API.Vehicles\Rental.API.Vehicles.csproj", "{6CEE951B-35D1-4029-B42C-BE202FB0CEFB}"
EndProject
Project("{FAE04EC0-301F-11D3-BF4B-00C04F79EFBC}") = "Rental.API.Reservations", "Rental.API.Reservations\Rental.API.Reservations.csproj", "{C495E9C9-3E7F-4480-BA02-30D7EBC5A5DB}"
EndProject
Project("{FAE04EC0-301F-11D3-BF4B-00C04F79EFBC}") = "Rental.API.Search", "Rental.API.Search\Rental.API.Search.csproj", "{CA9EF982-5150-470D-BF53-8B42A9FE79FF}"
EndProject
Global
	GlobalSection(SolutionConfigurationPlatforms) = preSolution
		Debug|Any CPU = Debug|Any CPU
		Release|Any CPU = Release|Any CPU
	EndGlobalSection
	GlobalSection(ProjectConfigurationPlatforms) = postSolution
		{07420C74-F6D4-4EDD-BBDB-7ABFFF5A3A6B}.Debug|Any CPU.ActiveCfg = Debug|Any CPU
		{07420C74-F6D4-4EDD-BBDB-7ABFFF5A3A6B}.Debug|Any CPU.Build.0 = Debug|Any CPU
		{07420C74-F6D4-4EDD-BBDB-7ABFFF5A3A6B}.Release|Any CPU.ActiveCfg = Release|Any CPU
		{07420C74-F6D4-4EDD-BBDB-7ABFFF5A3A6B}.Release|Any CPU.Build.0 = Release|Any CPU
		{6CEE951B-35D1-4029-B42C-BE202FB0CEFB}.Debug|Any CPU.ActiveCfg = Debug|Any CPU
		{6CEE951B-35D1-4029-B42C-BE202FB0CEFB}.Debug|Any CPU.Build.0 = Debug|Any CPU
		{6CEE951B-35D1-4029-B42C-BE202FB0CEFB}.Release|Any CPU.ActiveCfg = Release|Any CPU
		{6CEE951B-35D1-4029-B42C-BE202FB0CEFB}.Release|Any CPU.Build.0 = Release|Any CPU
		{C495E9C9-3E7F-4480-BA02-30D7EBC5A5DB}.Debug|Any CPU.ActiveCfg = Debug|Any CPU
		{C495E9C9-3E7F-4480-BA02-30D7EBC5A5DB}.Debug|Any CPU.Build.0 = Debug|Any CPU
		{C495E9C9-3E7F-4480-BA02-30D7EBC5A5DB}.Release|Any CPU.ActiveCfg = Release|Any CPU
		{C495E9C9-3E7F-4480-BA02-30D7EBC5A5DB}.Release|Any CPU.Build.0 = Release|Any CPU
		{CA9EF982-5150-470D-BF53-8B42A9FE79FF}.Debug|Any CPU.ActiveCfg = Debug|Any CPU
		{CA9EF982-5150-470D-BF53-8B42A9FE79FF}.Debug|Any CPU.Build.0 = Debug|Any CPU
		{CA9EF982-5150-470D-BF53-8B42A9FE79FF}.Release|Any CPU.ActiveCfg = Release|Any CPU
		{CA9EF982-5150-470D-BF53-8B42A9FE79FF}.Release|Any CPU.Build.0 = Release|Any CPU
	EndGlobalSection
	GlobalSection(SolutionProperties) = preSolution
		HideSolutionNode = FALSE
	EndGlobalSection
	GlobalSection(ExtensibilityGlobals) = postSolution
		SolutionGuid = {0E53D113-3C82-47BD-BF0A-ADB2769074B5}
	EndGlobalSection
EndGlobal
